
Microsoft Visual Studio Solution File, Format Version 12.00
# Visual Studio Version 17
VisualStudioVersion = 17.2.32526.322
MinimumVisualStudioVersion = 10.0.40219.1
Project("{FAE04EC0-301F-11D3-BF4B-00C04F79EFBC}") = "AutoBogusResearch", "AutoBogusResearch\AutoBogusResearch.csproj", "{1C22166D-B90D-4D05-9018-D5742F8130B5}"
EndProject
Global
	GlobalSection(SolutionConfigurationPlatforms) = preSolution
		Debug|Any CPU = Debug|Any CPU
		Release|Any CPU = Release|Any CPU
	EndGlobalSection
	GlobalSection(ProjectConfigurationPlatforms) = postSolution
		{1C22166D-B90D-4D05-9018-D5742F8130B5}.Debug|Any CPU.ActiveCfg = Debug|Any CPU
		{1C22166D-B90D-4D05-9018-D5742F8130B5}.Debug|Any CPU.Build.0 = Debug|Any CPU
		{1C22166D-B90D-4D05-9018-D5742F8130B5}.Release|Any CPU.ActiveCfg = Release|Any CPU
		{1C22166D-B90D-4D05-9018-D5742F8130B5}.Release|Any CPU.Build.0 = Release|Any CPU
	EndGlobalSection
	GlobalSection(SolutionProperties) = preSolution
		HideSolutionNode = FALSE
	EndGlobalSection
	GlobalSection(ExtensibilityGlobals) = postSolution
		SolutionGuid = {002E7339-A8A1-4E8B-B831-B4EB4C20AE5D}
	EndGlobalSection
EndGlobal
